github.com/blizzy78/copper v0.0.0-20210331142036-0a32e2983669 h1:ptW0SgF7CknJ5ILBR/OynFqxOOPsj+kAoYnoOmG7JCA=
github.com/blizzy78/copper v0.0.0-20210331142036-0a32e2983669/go.mod h1:2sOi6Jc/ryo8ec1v+gNXc+s9CfxFjlPzzOD39/0W7mc=
github.com/matryer/is v1.2.0 h1:92UTHpy8CDwaJ08GqLDzhhuixiBUUD1p3AU6PHddz4A=
github.com/matryer/is v1.2.0/go.mod h1:2fLPjFQM9rhQ15aVEtbuwhJinnOqrmgXPNdZsdwlWXA=
